
Microsoft Visual Studio Solution File, Format Version 12.00
# Visual Studio Version 16
VisualStudioVersion = 16.0.28803.452
MinimumVisualStudioVersion = 10.0.40219.1
Project("{FAE04EC0-301F-11D3-BF4B-00C04F79EFBC}") = "ThreeOps", "ThreeOps\ThreeOps.csproj", "{E64CF71C-569D-4D7C-8C9C-5EA8276DE4C8}"
EndProject
Project("{FAE04EC0-301F-11D3-BF4B-00C04F79EFBC}") = "ThreeOps.Tests", "ThreeOps.Tests\ThreeOps.Tests.csproj", "{DA2B2912-C718-46FD-A0D9-1A3B5E4643AD}"
EndProject
Global
	GlobalSection(SolutionConfigurationPlatforms) = preSolution
		Debug|Any CPU = Debug|Any CPU
		Release|Any CPU = Release|Any CPU
	EndGlobalSection
	GlobalSection(ProjectConfigurationPlatforms) = postSolution
		{E64CF71C-569D-4D7C-8C9C-5EA8276DE4C8}.Debug|Any CPU.ActiveCfg = Debug|Any CPU
		{E64CF71C-569D-4D7C-8C9C-5EA8276DE4C8}.Debug|Any CPU.Build.0 = Debug|Any CPU
		{E64CF71C-569D-4D7C-8C9C-5EA8276DE4C8}.Release|Any CPU.ActiveCfg = Release|Any CPU
		{E64CF71C-569D-4D7C-8C9C-5EA8276DE4C8}.Release|Any CPU.Build.0 = Release|Any CPU
		{DA2B2912-C718-46FD-A0D9-1A3B5E4643AD}.Debug|Any CPU.ActiveCfg = Debug|Any CPU
		{DA2B2912-C718-46FD-A0D9-1A3B5E4643AD}.Debug|Any CPU.Build.0 = Debug|Any CPU
		{DA2B2912-C718-46FD-A0D9-1A3B5E4643AD}.Release|Any CPU.ActiveCfg = Release|Any CPU
		{DA2B2912-C718-46FD-A0D9-1A3B5E4643AD}.Release|Any CPU.Build.0 = Release|Any CPU
	EndGlobalSection
	GlobalSection(SolutionProperties) = preSolution
		HideSolutionNode = FALSE
	EndGlobalSection
	GlobalSection(ExtensibilityGlobals) = postSolution
		SolutionGuid = {7BAF6531-D481-4F67-BC4B-8170B2E70F13}
	EndGlobalSection
EndGlobal
