
Microsoft Visual Studio Solution File, Format Version 12.00
# Visual Studio 15
VisualStudioVersion = 15.0.28307.489
MinimumVisualStudioVersion = 10.0.40219.1
Project("{FAE04EC0-301F-11D3-BF4B-00C04F79EFBC}") = "ConnectFour", "CodeReview\ConnectFour.csproj", "{15E2CD79-95FD-4DEC-B959-559DA160BB91}"
EndProject
Global
	GlobalSection(SolutionConfigurationPlatforms) = preSolution
		Debug|Any CPU = Debug|Any CPU
		Release|Any CPU = Release|Any CPU
	EndGlobalSection
	GlobalSection(ProjectConfigurationPlatforms) = postSolution
		{15E2CD79-95FD-4DEC-B959-559DA160BB91}.Debug|Any CPU.ActiveCfg = Debug|Any CPU
		{15E2CD79-95FD-4DEC-B959-559DA160BB91}.Debug|Any CPU.Build.0 = Debug|Any CPU
		{15E2CD79-95FD-4DEC-B959-559DA160BB91}.Release|Any CPU.ActiveCfg = Release|Any CPU
		{15E2CD79-95FD-4DEC-B959-559DA160BB91}.Release|Any CPU.Build.0 = Release|Any CPU
	EndGlobalSection
	GlobalSection(SolutionProperties) = preSolution
		HideSolutionNode = FALSE
	EndGlobalSection
	GlobalSection(ExtensibilityGlobals) = postSolution
		SolutionGuid = {C1D85908-E6CE-4248-BB80-80995AE1A76D}
	EndGlobalSection
EndGlobal
