
Microsoft Visual Studio Solution File, Format Version 12.00
# Visual Studio 15
VisualStudioVersion = 15.0.28307.489
MinimumVisualStudioVersion = 10.0.40219.1
Project("{FAE04EC0-301F-11D3-BF4B-00C04F79EFBC}") = "Diagonals", "Diagonals\Diagonals.csproj", "{A5B841AD-8D02-4A50-AE68-8B7EE719BACE}"
EndProject
Global
	GlobalSection(SolutionConfigurationPlatforms) = preSolution
		Debug|Any CPU = Debug|Any CPU
		Release|Any CPU = Release|Any CPU
	EndGlobalSection
	GlobalSection(ProjectConfigurationPlatforms) = postSolution
		{A5B841AD-8D02-4A50-AE68-8B7EE719BACE}.Debug|Any CPU.ActiveCfg = Debug|Any CPU
		{A5B841AD-8D02-4A50-AE68-8B7EE719BACE}.Debug|Any CPU.Build.0 = Debug|Any CPU
		{A5B841AD-8D02-4A50-AE68-8B7EE719BACE}.Release|Any CPU.ActiveCfg = Release|Any CPU
		{A5B841AD-8D02-4A50-AE68-8B7EE719BACE}.Release|Any CPU.Build.0 = Release|Any CPU
	EndGlobalSection
	GlobalSection(SolutionProperties) = preSolution
		HideSolutionNode = FALSE
	EndGlobalSection
	GlobalSection(ExtensibilityGlobals) = postSolution
		SolutionGuid = {4868B7AD-E93B-40E1-915A-774425A261C5}
	EndGlobalSection
EndGlobal
