
Microsoft Visual Studio Solution File, Format Version 12.00
# Visual Studio Version 16
VisualStudioVersion = 16.0.29009.5
MinimumVisualStudioVersion = 10.0.40219.1
Project("{FAE04EC0-301F-11D3-BF4B-00C04F79EFBC}") = "QueueExample", "QueueExample\QueueExample.csproj", "{B580D65F-A23E-42ED-B822-DAA65899D74E}"
EndProject
Global
	GlobalSection(SolutionConfigurationPlatforms) = preSolution
		Debug|Any CPU = Debug|Any CPU
		Release|Any CPU = Release|Any CPU
	EndGlobalSection
	GlobalSection(ProjectConfigurationPlatforms) = postSolution
		{B580D65F-A23E-42ED-B822-DAA65899D74E}.Debug|Any CPU.ActiveCfg = Debug|Any CPU
		{B580D65F-A23E-42ED-B822-DAA65899D74E}.Debug|Any CPU.Build.0 = Debug|Any CPU
		{B580D65F-A23E-42ED-B822-DAA65899D74E}.Release|Any CPU.ActiveCfg = Release|Any CPU
		{B580D65F-A23E-42ED-B822-DAA65899D74E}.Release|Any CPU.Build.0 = Release|Any CPU
	EndGlobalSection
	GlobalSection(SolutionProperties) = preSolution
		HideSolutionNode = FALSE
	EndGlobalSection
	GlobalSection(ExtensibilityGlobals) = postSolution
		SolutionGuid = {BB3C03DF-91AF-4E44-8CEF-17CB1EC40910}
	EndGlobalSection
EndGlobal
