
Microsoft Visual Studio Solution File, Format Version 12.00
# Visual Studio 15
VisualStudioVersion = 15.0.28307.271
MinimumVisualStudioVersion = 10.0.40219.1
Project("{FAE04EC0-301F-11D3-BF4B-00C04F79EFBC}") = "StackAndQueue", "StackAndQueue\StackAndQueue.csproj", "{CC456D95-7076-4903-8AAF-5B40957FCC5F}"
EndProject
Global
	GlobalSection(SolutionConfigurationPlatforms) = preSolution
		Debug|Any CPU = Debug|Any CPU
		Release|Any CPU = Release|Any CPU
	EndGlobalSection
	GlobalSection(ProjectConfigurationPlatforms) = postSolution
		{CC456D95-7076-4903-8AAF-5B40957FCC5F}.Debug|Any CPU.ActiveCfg = Debug|Any CPU
		{CC456D95-7076-4903-8AAF-5B40957FCC5F}.Debug|Any CPU.Build.0 = Debug|Any CPU
		{CC456D95-7076-4903-8AAF-5B40957FCC5F}.Release|Any CPU.ActiveCfg = Release|Any CPU
		{CC456D95-7076-4903-8AAF-5B40957FCC5F}.Release|Any CPU.Build.0 = Release|Any CPU
	EndGlobalSection
	GlobalSection(SolutionProperties) = preSolution
		HideSolutionNode = FALSE
	EndGlobalSection
	GlobalSection(ExtensibilityGlobals) = postSolution
		SolutionGuid = {3DDCCA97-C091-4802-ABFA-DF6A0E6B5678}
	EndGlobalSection
EndGlobal
