
Microsoft Visual Studio Solution File, Format Version 12.00
# Visual Studio 15
VisualStudioVersion = 15.0.28307.489
MinimumVisualStudioVersion = 10.0.40219.1
Project("{FAE04EC0-301F-11D3-BF4B-00C04F79EFBC}") = "MatchingSocks", "MatchingSocks\MatchingSocks.csproj", "{E7FC56AC-9595-4EAB-BE06-1FB0EA8430F1}"
EndProject
Global
	GlobalSection(SolutionConfigurationPlatforms) = preSolution
		Debug|Any CPU = Debug|Any CPU
		Release|Any CPU = Release|Any CPU
	EndGlobalSection
	GlobalSection(ProjectConfigurationPlatforms) = postSolution
		{E7FC56AC-9595-4EAB-BE06-1FB0EA8430F1}.Debug|Any CPU.ActiveCfg = Debug|Any CPU
		{E7FC56AC-9595-4EAB-BE06-1FB0EA8430F1}.Debug|Any CPU.Build.0 = Debug|Any CPU
		{E7FC56AC-9595-4EAB-BE06-1FB0EA8430F1}.Release|Any CPU.ActiveCfg = Release|Any CPU
		{E7FC56AC-9595-4EAB-BE06-1FB0EA8430F1}.Release|Any CPU.Build.0 = Release|Any CPU
	EndGlobalSection
	GlobalSection(SolutionProperties) = preSolution
		HideSolutionNode = FALSE
	EndGlobalSection
	GlobalSection(ExtensibilityGlobals) = postSolution
		SolutionGuid = {D14F3D8A-0409-4DA7-8F99-5E165F5EB12A}
	EndGlobalSection
EndGlobal
