
Microsoft Visual Studio Solution File, Format Version 12.00
# Visual Studio 15
VisualStudioVersion = 15.0.28307.271
MinimumVisualStudioVersion = 10.0.40219.1
Project("{FAE04EC0-301F-11D3-BF4B-00C04F79EFBC}") = "BSTLevelOrderTraversal", "BSTLevelOrderTraversal\BSTLevelOrderTraversal.csproj", "{450ADA38-88ED-46A2-8E24-E6BDB1AC64EF}"
EndProject
Global
	GlobalSection(SolutionConfigurationPlatforms) = preSolution
		Debug|Any CPU = Debug|Any CPU
		Release|Any CPU = Release|Any CPU
	EndGlobalSection
	GlobalSection(ProjectConfigurationPlatforms) = postSolution
		{450ADA38-88ED-46A2-8E24-E6BDB1AC64EF}.Debug|Any CPU.ActiveCfg = Debug|Any CPU
		{450ADA38-88ED-46A2-8E24-E6BDB1AC64EF}.Debug|Any CPU.Build.0 = Debug|Any CPU
		{450ADA38-88ED-46A2-8E24-E6BDB1AC64EF}.Release|Any CPU.ActiveCfg = Release|Any CPU
		{450ADA38-88ED-46A2-8E24-E6BDB1AC64EF}.Release|Any CPU.Build.0 = Release|Any CPU
	EndGlobalSection
	GlobalSection(SolutionProperties) = preSolution
		HideSolutionNode = FALSE
	EndGlobalSection
	GlobalSection(ExtensibilityGlobals) = postSolution
		SolutionGuid = {66D355E6-6667-42A9-8395-9ED43A8355BA}
	EndGlobalSection
EndGlobal
