
Microsoft Visual Studio Solution File, Format Version 12.00
# Visual Studio 15
VisualStudioVersion = 15.0.28307.271
MinimumVisualStudioVersion = 10.0.40219.1
Project("{FAE04EC0-301F-11D3-BF4B-00C04F79EFBC}") = "BinaryTreeHeight", "BinaryTreeHeight\BinaryTreeHeight.csproj", "{D11540EA-3F15-4AA4-9AB7-39806D87154E}"
EndProject
Global
	GlobalSection(SolutionConfigurationPlatforms) = preSolution
		Debug|Any CPU = Debug|Any CPU
		Release|Any CPU = Release|Any CPU
	EndGlobalSection
	GlobalSection(ProjectConfigurationPlatforms) = postSolution
		{D11540EA-3F15-4AA4-9AB7-39806D87154E}.Debug|Any CPU.ActiveCfg = Debug|Any CPU
		{D11540EA-3F15-4AA4-9AB7-39806D87154E}.Debug|Any CPU.Build.0 = Debug|Any CPU
		{D11540EA-3F15-4AA4-9AB7-39806D87154E}.Release|Any CPU.ActiveCfg = Release|Any CPU
		{D11540EA-3F15-4AA4-9AB7-39806D87154E}.Release|Any CPU.Build.0 = Release|Any CPU
	EndGlobalSection
	GlobalSection(SolutionProperties) = preSolution
		HideSolutionNode = FALSE
	EndGlobalSection
	GlobalSection(ExtensibilityGlobals) = postSolution
		SolutionGuid = {86D22FE5-F662-42D1-A970-FB18ED5B3407}
	EndGlobalSection
EndGlobal
