
Microsoft Visual Studio Solution File, Format Version 12.00
# Visual Studio 15
VisualStudioVersion = 15.0.28307.271
MinimumVisualStudioVersion = 10.0.40219.1
Project("{FAE04EC0-301F-11D3-BF4B-00C04F79EFBC}") = "RegEx", "RegEx\RegEx.csproj", "{EFAD5E28-DB58-4B08-BF3A-29BF6A17B9E8}"
EndProject
Global
	GlobalSection(SolutionConfigurationPlatforms) = preSolution
		Debug|Any CPU = Debug|Any CPU
		Release|Any CPU = Release|Any CPU
	EndGlobalSection
	GlobalSection(ProjectConfigurationPlatforms) = postSolution
		{EFAD5E28-DB58-4B08-BF3A-29BF6A17B9E8}.Debug|Any CPU.ActiveCfg = Debug|Any CPU
		{EFAD5E28-DB58-4B08-BF3A-29BF6A17B9E8}.Debug|Any CPU.Build.0 = Debug|Any CPU
		{EFAD5E28-DB58-4B08-BF3A-29BF6A17B9E8}.Release|Any CPU.ActiveCfg = Release|Any CPU
		{EFAD5E28-DB58-4B08-BF3A-29BF6A17B9E8}.Release|Any CPU.Build.0 = Release|Any CPU
	EndGlobalSection
	GlobalSection(SolutionProperties) = preSolution
		HideSolutionNode = FALSE
	EndGlobalSection
	GlobalSection(ExtensibilityGlobals) = postSolution
		SolutionGuid = {2973E53C-9F90-4723-A645-FF4A30A77665}
	EndGlobalSection
EndGlobal
