
Microsoft Visual Studio Solution File, Format Version 12.00
# Visual Studio 15
VisualStudioVersion = 15.0.28307.271
MinimumVisualStudioVersion = 10.0.40219.1
Project("{FAE04EC0-301F-11D3-BF4B-00C04F79EFBC}") = "BinaryConversion", "BinaryConversion\BinaryConversion.csproj", "{938BC360-EA64-414D-A267-87ABCAE041DD}"
EndProject
Global
	GlobalSection(SolutionConfigurationPlatforms) = preSolution
		Debug|Any CPU = Debug|Any CPU
		Release|Any CPU = Release|Any CPU
	EndGlobalSection
	GlobalSection(ProjectConfigurationPlatforms) = postSolution
		{938BC360-EA64-414D-A267-87ABCAE041DD}.Debug|Any CPU.ActiveCfg = Debug|Any CPU
		{938BC360-EA64-414D-A267-87ABCAE041DD}.Debug|Any CPU.Build.0 = Debug|Any CPU
		{938BC360-EA64-414D-A267-87ABCAE041DD}.Release|Any CPU.ActiveCfg = Release|Any CPU
		{938BC360-EA64-414D-A267-87ABCAE041DD}.Release|Any CPU.Build.0 = Release|Any CPU
	EndGlobalSection
	GlobalSection(SolutionProperties) = preSolution
		HideSolutionNode = FALSE
	EndGlobalSection
	GlobalSection(ExtensibilityGlobals) = postSolution
		SolutionGuid = {1B000A15-20AF-4A00-AEC7-4FB43DA22D0F}
	EndGlobalSection
EndGlobal
